{
  "name": "fronted",
  "version": "1.0.0",
  "lockfileVersion": 3,
  "requires": true,
  "packages": {
    "": {
      "name": "fronted",
      "version": "1.0.0",
      "license": "ISC",
      "dependencies": {
        "lodash-es": "^4.17.22",
        "react": "^19.2.3"
      }
    },
    "node_modules/lodash-es": {
      "version": "4.17.22",
      "resolved": "http://localhost:8081/repository/npm-group/lodash-es/-/lodash-es-4.17.22.tgz",
      "integrity": "sha512-XEawp1t0gxSi9x01glktRZ5HDy0HXqrM0x5pXQM98EaI0NxO6jVM7omDOxsuEo5UIASAnm2bRp1Jt/e0a2XU8Q==",
      "license": "MIT"
    },
    "node_modules/react": {
      "version": "19.2.3",
      "resolved": "http://localhost:8081/repository/npm-group/react/-/react-19.2.3.tgz",
      "integrity": "sha512-Ku/hhYbVjOQnXDZFv2+RibmLFGwFdeeKHFcOTlrt7xplBnya5OGn/hIRDsqDiSUcfORsDC7MPxwork8jBwsIWA==",
      "license": "MIT",
      "engines": {
        "node": ">=0.10.0"
      }
    }
  }
}
